
Microsoft Visual Studio Solution File, Format Version 12.00
# Visual Studio 2013
VisualStudioVersion = 12.0.30723.0
MinimumVisualStudioVersion = 10.0.40219.1
Project("{FAE04EC0-301F-11D3-BF4B-00C04F79EFBC}") = "TableTennisChampionship.Tests", "TableTennisChampionship.Tests\TableTennisChampionship.Tests.csproj", "{9225E276-E1C2-434C-B4C8-629AD2232093}"
EndProject
Project("{FAE04EC0-301F-11D3-BF4B-00C04F79EFBC}") = "TableTennisChampionshipMain", "TableTennisChampionshipMain\TableTennisChampionshipMain.csproj", "{8791F322-D506-4611-8A86-0F3FF80D36FD}"
EndProject
Project("{FAE04EC0-301F-11D3-BF4B-00C04F79EFBC}") = "TableTennisChampionship.Model", "TableTennisChampionship.Model\TableTennisChampionship.Model.csproj", "{3698B1E6-E01D-48B5-B223-C922121A1CCD}"
EndProject
Global
	GlobalSection(SolutionConfigurationPlatforms) = preSolution
		Debug|Any CPU = Debug|Any CPU
		Release|Any CPU = Release|Any CPU
	EndGlobalSection
	GlobalSection(ProjectConfigurationPlatforms) = postSolution
		{9225E276-E1C2-434C-B4C8-629AD2232093}.Debug|Any CPU.ActiveCfg = Debug|Any CPU
		{9225E276-E1C2-434C-B4C8-629AD2232093}.Debug|Any CPU.Build.0 = Debug|Any CPU
		{9225E276-E1C2-434C-B4C8-629AD2232093}.Release|Any CPU.ActiveCfg = Release|Any CPU
		{9225E276-E1C2-434C-B4C8-629AD2232093}.Release|Any CPU.Build.0 = Release|Any CPU
		{8791F322-D506-4611-8A86-0F3FF80D36FD}.Debug|Any CPU.ActiveCfg = Debug|Any CPU
		{8791F322-D506-4611-8A86-0F3FF80D36FD}.Debug|Any CPU.Build.0 = Debug|Any CPU
		{8791F322-D506-4611-8A86-0F3FF80D36FD}.Release|Any CPU.ActiveCfg = Release|Any CPU
		{8791F322-D506-4611-8A86-0F3FF80D36FD}.Release|Any CPU.Build.0 = Release|Any CPU
		{3698B1E6-E01D-48B5-B223-C922121A1CCD}.Debug|Any CPU.ActiveCfg = Debug|Any CPU
		{3698B1E6-E01D-48B5-B223-C922121A1CCD}.Debug|Any CPU.Build.0 = Debug|Any CPU
		{3698B1E6-E01D-48B5-B223-C922121A1CCD}.Release|Any CPU.ActiveCfg = Release|Any CPU
		{3698B1E6-E01D-48B5-B223-C922121A1CCD}.Release|Any CPU.Build.0 = Release|Any CPU
	EndGlobalSection
	GlobalSection(SolutionProperties) = preSolution
		HideSolutionNode = FALSE
	EndGlobalSection
EndGlobal
